
Microsoft Visual Studio Solution File, Format Version 12.00
# Visual Studio Version 16
VisualStudioVersion = 16.0.29728.190
MinimumVisualStudioVersion = 10.0.40219.1
Project("{FAE04EC0-301F-11D3-BF4B-00C04F79EFBC}") = "Ejercicio 2", "Ejercicio 2.csproj", "{EA3ADCEC-D372-406A-9A08-FECAF2A0C74B}"
EndProject
Global
	GlobalSection(SolutionConfigurationPlatforms) = preSolution
		Debug|Any CPU = Debug|Any CPU
		Release|Any CPU = Release|Any CPU
	EndGlobalSection
	GlobalSection(ProjectConfigurationPlatforms) = postSolution
		{EA3ADCEC-D372-406A-9A08-FECAF2A0C74B}.Debug|Any CPU.ActiveCfg = Debug|Any CPU
		{EA3ADCEC-D372-406A-9A08-FECAF2A0C74B}.Debug|Any CPU.Build.0 = Debug|Any CPU
		{EA3ADCEC-D372-406A-9A08-FECAF2A0C74B}.Release|Any CPU.ActiveCfg = Release|Any CPU
		{EA3ADCEC-D372-406A-9A08-FECAF2A0C74B}.Release|Any CPU.Build.0 = Release|Any CPU
	EndGlobalSection
	GlobalSection(SolutionProperties) = preSolution
		HideSolutionNode = FALSE
	EndGlobalSection
	GlobalSection(ExtensibilityGlobals) = postSolution
		SolutionGuid = {6935827F-B42A-48FE-BC3E-49480B3511D5}
	EndGlobalSection
EndGlobal
